# @generated - this file is auto-generated by `mise lock` https://mise.jdx.dev/dev-tools/mise-lock.html

[[tools."aqua:jdx/aube"]]
version = "1.40.0"
backend = "aqua:jdx/aube"

[tools."aqua:jdx/aube"."platforms.linux-arm64"]
checksum = "sha256:166a2a9ec4b006a3f3991b50b426f6fdf808bbb9b87b45eeaff199e4919f2ce2"
url = "https://github.com/jdx/aube/releases/download/v1.40.0/aube-v1.40.0-aarch64-unknown-linux-gnu.tar.gz"
url_api = "https://api.github.com/repos/jdx/aube/releases/assets/513113769"
provenance = "github-attestations"

[tools."aqua:jdx/aube"."platforms.linux-arm64-musl"]
checksum = "sha256:15c641b223251901c0466d1fdbcd2488213c204847ada609bbaf70b978620728"
url = "https://github.com/jdx/aube/releases/download/v1.40.0/aube-v1.40.0-aarch64-unknown-linux-musl.tar.gz"
url_api = "https://api.github.com/repos/jdx/aube/releases/assets/513074325"
provenance = "github-attestations"

[tools."aqua:jdx/aube"."platforms.linux-x64"]
checksum = "sha256:fb4ca338cedb1a349abdca2ea57135faa6f63a78d85cf64af60aaf1a645af736"
url = "https://github.com/jdx/aube/releases/download/v1.40.0/aube-v1.40.0-x86_64-unknown-linux-gnu.tar.gz"
url_api = "https://api.github.com/repos/jdx/aube/releases/assets/513090652"
provenance = "github-attestations"

[tools."aqua:jdx/aube"."platforms.linux-x64-baseline"]
checksum = "sha256:fb4ca338cedb1a349abdca2ea57135faa6f63a78d85cf64af60aaf1a645af736"
url = "https://github.com/jdx/aube/releases/download/v1.40.0/aube-v1.40.0-x86_64-unknown-linux-gnu.tar.gz"
url_api = "https://api.github.com/repos/jdx/aube/releases/assets/513090652"
provenance = "github-attestations"

[tools."aqua:jdx/aube"."platforms.linux-x64-musl"]
checksum = "sha256:e95c62fc21ae1e5f169a945f0b50d3b5b276b87e075ff9dc0511020bc51d29ea"
url = "https://github.com/jdx/aube/releases/download/v1.40.0/aube-v1.40.0-x86_64-unknown-linux-musl.tar.gz"
url_api = "https://api.github.com/repos/jdx/aube/releases/assets/513091441"
provenance = "github-attestations"

[tools."aqua:jdx/aube"."platforms.linux-x64-musl-baseline"]
checksum = "sha256:e95c62fc21ae1e5f169a945f0b50d3b5b276b87e075ff9dc0511020bc51d29ea"
url = "https://github.com/jdx/aube/releases/download/v1.40.0/aube-v1.40.0-x86_64-unknown-linux-musl.tar.gz"
url_api = "https://api.github.com/repos/jdx/aube/releases/assets/513091441"
provenance = "github-attestations"

[tools."aqua:jdx/aube"."platforms.macos-arm64"]
checksum = "sha256:9aaf56a7cb105449677084825c73816743e3df504861351a5af06c596e6f84e4"
url = "https://github.com/jdx/aube/releases/download/v1.40.0/aube-v1.40.0-aarch64-apple-darwin.tar.gz"
url_api = "https://api.github.com/repos/jdx/aube/releases/assets/513152932"
provenance = "github-attestations"

[tools."aqua:jdx/aube"."platforms.windows-x64"]
checksum = "sha256:79ceeded5550d422edee5ad0b24a64c6d1a386aa368f6d87fe551a2a6cdf7447"
url = "https://github.com/jdx/aube/releases/download/v1.40.0/aube-v1.40.0-x86_64-pc-windows-msvc.zip"
url_api = "https://api.github.com/repos/jdx/aube/releases/assets/513087946"
provenance = "github-attestations"

[tools."aqua:jdx/aube"."platforms.windows-x64-baseline"]
checksum = "sha256:79ceeded5550d422edee5ad0b24a64c6d1a386aa368f6d87fe551a2a6cdf7447"
url = "https://github.com/jdx/aube/releases/download/v1.40.0/aube-v1.40.0-x86_64-pc-windows-msvc.zip"
url_api = "https://api.github.com/repos/jdx/aube/releases/assets/513087946"
provenance = "github-attestations"

[[tools.biome]]
version = "2.5.8"
backend = "aqua:biomejs/biome"

[tools.biome."platforms.linux-arm64"]
checksum = "sha256:3f2be9f1f68dca8e0b96d2a9212b408f15dc2668203b2c42cfb78a2894cc966b"
url = "https://github.com/biomejs/biome/releases/download/%40biomejs/biome%402.5.8/biome-linux-arm64"
url_api = "https://api.github.com/repos/biomejs/biome/releases/assets/509899232"
provenance = "github-attestations"

[tools.biome."platforms.linux-arm64-musl"]
checksum = "sha256:09d02b9839aa1bf97b65fcce39b561c5687f6521607db46e4bcffdd99a0175a5"
url = "https://github.com/biomejs/biome/releases/download/%40biomejs/biome%402.5.8/biome-linux-arm64-musl"
url_api = "https://api.github.com/repos/biomejs/biome/releases/assets/509899235"
provenance = "github-attestations"

[tools.biome."platforms.linux-x64"]
checksum = "sha256:17abac7ef72e7a1aaccd89892f7e2e62c9919d27473defe772be04ad78400ac2"
url = "https://github.com/biomejs/biome/releases/download/%40biomejs/biome%402.5.8/biome-linux-x64"
url_api = "https://api.github.com/repos/biomejs/biome/releases/assets/509899231"
provenance = "github-attestations"

[tools.biome."platforms.linux-x64-baseline"]
checksum = "sha256:17abac7ef72e7a1aaccd89892f7e2e62c9919d27473defe772be04ad78400ac2"
url = "https://github.com/biomejs/biome/releases/download/%40biomejs/biome%402.5.8/biome-linux-x64"
url_api = "https://api.github.com/repos/biomejs/biome/releases/assets/509899231"
provenance = "github-attestations"

[tools.biome."platforms.linux-x64-musl"]
checksum = "sha256:365f2aac71051842d65a9d03139dc0f189628a0e8c2dc3aa2ef09a51ef94bcbd"
url = "https://github.com/biomejs/biome/releases/download/%40biomejs/biome%402.5.8/biome-linux-x64-musl"
url_api = "https://api.github.com/repos/biomejs/biome/releases/assets/509899233"
provenance = "github-attestations"

[tools.biome."platforms.linux-x64-musl-baseline"]
checksum = "sha256:365f2aac71051842d65a9d03139dc0f189628a0e8c2dc3aa2ef09a51ef94bcbd"
url = "https://github.com/biomejs/biome/releases/download/%40biomejs/biome%402.5.8/biome-linux-x64-musl"
url_api = "https://api.github.com/repos/biomejs/biome/releases/assets/509899233"
provenance = "github-attestations"

[tools.biome."platforms.macos-arm64"]
checksum = "sha256:04c2d44e61242c8bf56e2d663e5312e78639334b4a2fef84b5f59ac8bc9579fb"
url = "https://github.com/biomejs/biome/releases/download/%40biomejs/biome%402.5.8/biome-darwin-arm64"
url_api = "https://api.github.com/repos/biomejs/biome/releases/assets/509899230"
provenance = "github-attestations"

[tools.biome."platforms.macos-x64"]
checksum = "sha256:6bfc751bfff3429888c527d2bb1fe632808769d2f5849579ed8cf71e5fe25c8b"
url = "https://github.com/biomejs/biome/releases/download/%40biomejs/biome%402.5.8/biome-darwin-x64"
url_api = "https://api.github.com/repos/biomejs/biome/releases/assets/509899236"
provenance = "github-attestations"

[tools.biome."platforms.macos-x64-baseline"]
checksum = "sha256:6bfc751bfff3429888c527d2bb1fe632808769d2f5849579ed8cf71e5fe25c8b"
url = "https://github.com/biomejs/biome/releases/download/%40biomejs/biome%402.5.8/biome-darwin-x64"
url_api = "https://api.github.com/repos/biomejs/biome/releases/assets/509899236"
provenance = "github-attestations"

[tools.biome."platforms.windows-x64"]
checksum = "sha256:80ac9293d359f55e5f75e1dec13c2ec9c28f01e7e8a8e409b0407a1498da006f"
url = "https://github.com/biomejs/biome/releases/download/%40biomejs/biome%402.5.8/biome-win32-x64.exe"
url_api = "https://api.github.com/repos/biomejs/biome/releases/assets/509899229"
provenance = "github-attestations"

[tools.biome."platforms.windows-x64-baseline"]
checksum = "sha256:80ac9293d359f55e5f75e1dec13c2ec9c28f01e7e8a8e409b0407a1498da006f"
url = "https://github.com/biomejs/biome/releases/download/%40biomejs/biome%402.5.8/biome-win32-x64.exe"
url_api = "https://api.github.com/repos/biomejs/biome/releases/assets/509899229"
provenance = "github-attestations"

[[tools.node]]
version = "24.19.0"
backend = "core:node"

[tools.node."platforms.linux-arm64"]
checksum = "sha256:d28c8a5bf0a808f0ed434a1dce8c54ae98f0371c0bd86ac58abc613f73e6643f"
url = "https://nodejs.org/dist/v24.19.0/node-v24.19.0-linux-arm64.tar.gz"

[tools.node."platforms.linux-arm64-musl"]
checksum = "sha256:20824e4d35948fae5b337dccef47813b04d8995312f59df7386f2256d9f9ab7e"
url = "https://unofficial-builds.nodejs.org/download/release/v24.19.0/node-v24.19.0-linux-arm64-musl.tar.gz"

[tools.node."platforms.linux-x64"]
checksum = "sha256:f625d97cd707df4ff96254916fbc5ff014f09c09effe5a1e0ca8f6d41a8789d4"
url = "https://nodejs.org/dist/v24.19.0/node-v24.19.0-linux-x64.tar.gz"

[tools.node."platforms.linux-x64-baseline"]
checksum = "sha256:f625d97cd707df4ff96254916fbc5ff014f09c09effe5a1e0ca8f6d41a8789d4"
url = "https://nodejs.org/dist/v24.19.0/node-v24.19.0-linux-x64.tar.gz"

[tools.node."platforms.linux-x64-musl"]
checksum = "sha256:c60223786df14a5d23e220ebb8e60318f5322640a62f90e6d9e54d3a18da532e"
url = "https://unofficial-builds.nodejs.org/download/release/v24.19.0/node-v24.19.0-linux-x64-musl.tar.gz"

[tools.node."platforms.linux-x64-musl-baseline"]
checksum = "sha256:c60223786df14a5d23e220ebb8e60318f5322640a62f90e6d9e54d3a18da532e"
url = "https://unofficial-builds.nodejs.org/download/release/v24.19.0/node-v24.19.0-linux-x64-musl.tar.gz"

[tools.node."platforms.macos-arm64"]
checksum = "sha256:8294b7aa9b03997481c06babf1e8b270c859358f27da57a11509afe537ac381d"
url = "https://nodejs.org/dist/v24.19.0/node-v24.19.0-darwin-arm64.tar.gz"

[tools.node."platforms.macos-x64"]
checksum = "sha256:d1b5e999db158c62fe8f7267a4476b035d8bd93b1a605bac24a3f0dd166e3316"
url = "https://nodejs.org/dist/v24.19.0/node-v24.19.0-darwin-x64.tar.gz"

[tools.node."platforms.macos-x64-baseline"]
checksum = "sha256:d1b5e999db158c62fe8f7267a4476b035d8bd93b1a605bac24a3f0dd166e3316"
url = "https://nodejs.org/dist/v24.19.0/node-v24.19.0-darwin-x64.tar.gz"

[tools.node."platforms.windows-x64"]
checksum = "sha256:57f71ab3652e797d84acddc79c81cc9ff1c6ddb2a1974cdb83f00fee9bff4c73"
url = "https://nodejs.org/dist/v24.19.0/node-v24.19.0-win-x64.zip"

[tools.node."platforms.windows-x64-baseline"]
checksum = "sha256:57f71ab3652e797d84acddc79c81cc9ff1c6ddb2a1974cdb83f00fee9bff4c73"
url = "https://nodejs.org/dist/v24.19.0/node-v24.19.0-win-x64.zip"

[[tools."npm:pnpm-override-prune"]]
version = "0.0.8"
backend = "npm:pnpm-override-prune"
