# @generated - this file is auto-generated by `mise lock` https://mise.jdx.dev/dev-tools/mise-lock.html

[[tools."aqua:jdx/aube"]]
version = "1.39.0"
backend = "aqua:jdx/aube"

[tools."aqua:jdx/aube"."platforms.linux-arm64"]
checksum = "sha256:2c364cdb3ba83c5f32c079e7d83585969c1ed6f393224f1c6294acd5a1ab8865"
url = "https://github.com/jdx/aube/releases/download/v1.39.0/aube-v1.39.0-aarch64-unknown-linux-gnu.tar.gz"
url_api = "https://api.github.com/repos/jdx/aube/releases/assets/511703326"
provenance = "github-attestations"

[tools."aqua:jdx/aube"."platforms.linux-arm64-musl"]
checksum = "sha256:4f55c46fd73d465b095d92b1db5e63e0905de5985d763c4f4a6e69eb9235c622"
url = "https://github.com/jdx/aube/releases/download/v1.39.0/aube-v1.39.0-aarch64-unknown-linux-musl.tar.gz"
url_api = "https://api.github.com/repos/jdx/aube/releases/assets/511659937"
provenance = "github-attestations"

[tools."aqua:jdx/aube"."platforms.linux-x64"]
checksum = "sha256:11a2f94a765d6058a4917d9b6dc08942f25ae028a9255eda4f74dbde073b745e"
url = "https://github.com/jdx/aube/releases/download/v1.39.0/aube-v1.39.0-x86_64-unknown-linux-gnu.tar.gz"
url_api = "https://api.github.com/repos/jdx/aube/releases/assets/511680846"
provenance = "github-attestations"

[tools."aqua:jdx/aube"."platforms.linux-x64-baseline"]
checksum = "sha256:11a2f94a765d6058a4917d9b6dc08942f25ae028a9255eda4f74dbde073b745e"
url = "https://github.com/jdx/aube/releases/download/v1.39.0/aube-v1.39.0-x86_64-unknown-linux-gnu.tar.gz"
url_api = "https://api.github.com/repos/jdx/aube/releases/assets/511680846"
provenance = "github-attestations"

[tools."aqua:jdx/aube"."platforms.linux-x64-musl"]
checksum = "sha256:5a0f6d170803b9948c1eeee79d6f9721d09dedda5146015cc1dda4b551177e2a"
url = "https://github.com/jdx/aube/releases/download/v1.39.0/aube-v1.39.0-x86_64-unknown-linux-musl.tar.gz"
url_api = "https://api.github.com/repos/jdx/aube/releases/assets/511669910"
provenance = "github-attestations"

[tools."aqua:jdx/aube"."platforms.linux-x64-musl-baseline"]
checksum = "sha256:5a0f6d170803b9948c1eeee79d6f9721d09dedda5146015cc1dda4b551177e2a"
url = "https://github.com/jdx/aube/releases/download/v1.39.0/aube-v1.39.0-x86_64-unknown-linux-musl.tar.gz"
url_api = "https://api.github.com/repos/jdx/aube/releases/assets/511669910"
provenance = "github-attestations"

[tools."aqua:jdx/aube"."platforms.macos-arm64"]
checksum = "sha256:f3a5de048aed6a95e841838e69f716fc2d34794ad2aed2043e2889151288b219"
url = "https://github.com/jdx/aube/releases/download/v1.39.0/aube-v1.39.0-aarch64-apple-darwin.tar.gz"
url_api = "https://api.github.com/repos/jdx/aube/releases/assets/511751229"
provenance = "github-attestations"

[tools."aqua:jdx/aube"."platforms.windows-x64"]
checksum = "sha256:dc830d4abaf6b1742ed10758e9310766129dd5ac2f93b120b68cd5d9a6e914c1"
url = "https://github.com/jdx/aube/releases/download/v1.39.0/aube-v1.39.0-x86_64-pc-windows-msvc.zip"
url_api = "https://api.github.com/repos/jdx/aube/releases/assets/511676700"
provenance = "github-attestations"

[tools."aqua:jdx/aube"."platforms.windows-x64-baseline"]
checksum = "sha256:dc830d4abaf6b1742ed10758e9310766129dd5ac2f93b120b68cd5d9a6e914c1"
url = "https://github.com/jdx/aube/releases/download/v1.39.0/aube-v1.39.0-x86_64-pc-windows-msvc.zip"
url_api = "https://api.github.com/repos/jdx/aube/releases/assets/511676700"
provenance = "github-attestations"

[[tools.biome]]
version = "2.5.8"
backend = "aqua:biomejs/biome"

[tools.biome."platforms.linux-arm64"]
checksum = "sha256:3f2be9f1f68dca8e0b96d2a9212b408f15dc2668203b2c42cfb78a2894cc966b"
url = "https://github.com/biomejs/biome/releases/download/%40biomejs/biome%402.5.8/biome-linux-arm64"
url_api = "https://api.github.com/repos/biomejs/biome/releases/assets/509899232"
provenance = "github-attestations"

[tools.biome."platforms.linux-arm64-musl"]
checksum = "sha256:09d02b9839aa1bf97b65fcce39b561c5687f6521607db46e4bcffdd99a0175a5"
url = "https://github.com/biomejs/biome/releases/download/%40biomejs/biome%402.5.8/biome-linux-arm64-musl"
url_api = "https://api.github.com/repos/biomejs/biome/releases/assets/509899235"
provenance = "github-attestations"

[tools.biome."platforms.linux-x64"]
checksum = "sha256:17abac7ef72e7a1aaccd89892f7e2e62c9919d27473defe772be04ad78400ac2"
url = "https://github.com/biomejs/biome/releases/download/%40biomejs/biome%402.5.8/biome-linux-x64"
url_api = "https://api.github.com/repos/biomejs/biome/releases/assets/509899231"
provenance = "github-attestations"

[tools.biome."platforms.linux-x64-baseline"]
checksum = "sha256:17abac7ef72e7a1aaccd89892f7e2e62c9919d27473defe772be04ad78400ac2"
url = "https://github.com/biomejs/biome/releases/download/%40biomejs/biome%402.5.8/biome-linux-x64"
url_api = "https://api.github.com/repos/biomejs/biome/releases/assets/509899231"
provenance = "github-attestations"

[tools.biome."platforms.linux-x64-musl"]
checksum = "sha256:365f2aac71051842d65a9d03139dc0f189628a0e8c2dc3aa2ef09a51ef94bcbd"
url = "https://github.com/biomejs/biome/releases/download/%40biomejs/biome%402.5.8/biome-linux-x64-musl"
url_api = "https://api.github.com/repos/biomejs/biome/releases/assets/509899233"
provenance = "github-attestations"

[tools.biome."platforms.linux-x64-musl-baseline"]
checksum = "sha256:365f2aac71051842d65a9d03139dc0f189628a0e8c2dc3aa2ef09a51ef94bcbd"
url = "https://github.com/biomejs/biome/releases/download/%40biomejs/biome%402.5.8/biome-linux-x64-musl"
url_api = "https://api.github.com/repos/biomejs/biome/releases/assets/509899233"
provenance = "github-attestations"

[tools.biome."platforms.macos-arm64"]
checksum = "sha256:04c2d44e61242c8bf56e2d663e5312e78639334b4a2fef84b5f59ac8bc9579fb"
url = "https://github.com/biomejs/biome/releases/download/%40biomejs/biome%402.5.8/biome-darwin-arm64"
url_api = "https://api.github.com/repos/biomejs/biome/releases/assets/509899230"
provenance = "github-attestations"

[tools.biome."platforms.macos-x64"]
checksum = "sha256:6bfc751bfff3429888c527d2bb1fe632808769d2f5849579ed8cf71e5fe25c8b"
url = "https://github.com/biomejs/biome/releases/download/%40biomejs/biome%402.5.8/biome-darwin-x64"
url_api = "https://api.github.com/repos/biomejs/biome/releases/assets/509899236"
provenance = "github-attestations"

[tools.biome."platforms.macos-x64-baseline"]
checksum = "sha256:6bfc751bfff3429888c527d2bb1fe632808769d2f5849579ed8cf71e5fe25c8b"
url = "https://github.com/biomejs/biome/releases/download/%40biomejs/biome%402.5.8/biome-darwin-x64"
url_api = "https://api.github.com/repos/biomejs/biome/releases/assets/509899236"
provenance = "github-attestations"

[tools.biome."platforms.windows-x64"]
checksum = "sha256:80ac9293d359f55e5f75e1dec13c2ec9c28f01e7e8a8e409b0407a1498da006f"
url = "https://github.com/biomejs/biome/releases/download/%40biomejs/biome%402.5.8/biome-win32-x64.exe"
url_api = "https://api.github.com/repos/biomejs/biome/releases/assets/509899229"
provenance = "github-attestations"

[tools.biome."platforms.windows-x64-baseline"]
checksum = "sha256:80ac9293d359f55e5f75e1dec13c2ec9c28f01e7e8a8e409b0407a1498da006f"
url = "https://github.com/biomejs/biome/releases/download/%40biomejs/biome%402.5.8/biome-win32-x64.exe"
url_api = "https://api.github.com/repos/biomejs/biome/releases/assets/509899229"
provenance = "github-attestations"

[[tools.node]]
version = "24.19.0"
backend = "core:node"

[tools.node."platforms.linux-arm64"]
checksum = "sha256:d28c8a5bf0a808f0ed434a1dce8c54ae98f0371c0bd86ac58abc613f73e6643f"
url = "https://nodejs.org/dist/v24.19.0/node-v24.19.0-linux-arm64.tar.gz"

[tools.node."platforms.linux-arm64-musl"]
checksum = "sha256:20824e4d35948fae5b337dccef47813b04d8995312f59df7386f2256d9f9ab7e"
url = "https://unofficial-builds.nodejs.org/download/release/v24.19.0/node-v24.19.0-linux-arm64-musl.tar.gz"

[tools.node."platforms.linux-x64"]
checksum = "sha256:f625d97cd707df4ff96254916fbc5ff014f09c09effe5a1e0ca8f6d41a8789d4"
url = "https://nodejs.org/dist/v24.19.0/node-v24.19.0-linux-x64.tar.gz"

[tools.node."platforms.linux-x64-baseline"]
checksum = "sha256:f625d97cd707df4ff96254916fbc5ff014f09c09effe5a1e0ca8f6d41a8789d4"
url = "https://nodejs.org/dist/v24.19.0/node-v24.19.0-linux-x64.tar.gz"

[tools.node."platforms.linux-x64-musl"]
checksum = "sha256:c60223786df14a5d23e220ebb8e60318f5322640a62f90e6d9e54d3a18da532e"
url = "https://unofficial-builds.nodejs.org/download/release/v24.19.0/node-v24.19.0-linux-x64-musl.tar.gz"

[tools.node."platforms.linux-x64-musl-baseline"]
checksum = "sha256:c60223786df14a5d23e220ebb8e60318f5322640a62f90e6d9e54d3a18da532e"
url = "https://unofficial-builds.nodejs.org/download/release/v24.19.0/node-v24.19.0-linux-x64-musl.tar.gz"

[tools.node."platforms.macos-arm64"]
checksum = "sha256:8294b7aa9b03997481c06babf1e8b270c859358f27da57a11509afe537ac381d"
url = "https://nodejs.org/dist/v24.19.0/node-v24.19.0-darwin-arm64.tar.gz"

[tools.node."platforms.macos-x64"]
checksum = "sha256:d1b5e999db158c62fe8f7267a4476b035d8bd93b1a605bac24a3f0dd166e3316"
url = "https://nodejs.org/dist/v24.19.0/node-v24.19.0-darwin-x64.tar.gz"

[tools.node."platforms.macos-x64-baseline"]
checksum = "sha256:d1b5e999db158c62fe8f7267a4476b035d8bd93b1a605bac24a3f0dd166e3316"
url = "https://nodejs.org/dist/v24.19.0/node-v24.19.0-darwin-x64.tar.gz"

[tools.node."platforms.windows-x64"]
checksum = "sha256:57f71ab3652e797d84acddc79c81cc9ff1c6ddb2a1974cdb83f00fee9bff4c73"
url = "https://nodejs.org/dist/v24.19.0/node-v24.19.0-win-x64.zip"

[tools.node."platforms.windows-x64-baseline"]
checksum = "sha256:57f71ab3652e797d84acddc79c81cc9ff1c6ddb2a1974cdb83f00fee9bff4c73"
url = "https://nodejs.org/dist/v24.19.0/node-v24.19.0-win-x64.zip"
